
Microsoft Visual Studio Solution File, Format Version 12.00
# Visual Studio Version 16
VisualStudioVersion = 16.0.30907.101
MinimumVisualStudioVersion = 10.0.40219.1
Project("{9A19103F-16F7-4668-BE54-9A1E7A4F7556}") = "AdvancedExam-22-Feb-2020", "AdvancedExam-22-Feb-2020\AdvancedExam-22-Feb-2020.csproj", "{3D751DAB-86D9-40ED-8A0D-9C3966804F3D}"
EndProject
Project("{FAE04EC0-301F-11D3-BF4B-00C04F79EFBC}") = "Re-Volt", "Re-Volt\Re-Volt.csproj", "{F1BE7225-6C13-4456-A477-22AD2E9A745B}"
EndProject
Global
	GlobalSection(SolutionConfigurationPlatforms) = preSolution
		Debug|Any CPU = Debug|Any CPU
		Release|Any CPU = Release|Any CPU
	EndGlobalSection
	GlobalSection(ProjectConfigurationPlatforms) = postSolution
		{3D751DAB-86D9-40ED-8A0D-9C3966804F3D}.Debug|Any CPU.ActiveCfg = Debug|Any CPU
		{3D751DAB-86D9-40ED-8A0D-9C3966804F3D}.Debug|Any CPU.Build.0 = Debug|Any CPU
		{3D751DAB-86D9-40ED-8A0D-9C3966804F3D}.Release|Any CPU.ActiveCfg = Release|Any CPU
		{3D751DAB-86D9-40ED-8A0D-9C3966804F3D}.Release|Any CPU.Build.0 = Release|Any CPU
		{F1BE7225-6C13-4456-A477-22AD2E9A745B}.Debug|Any CPU.ActiveCfg = Debug|Any CPU
		{F1BE7225-6C13-4456-A477-22AD2E9A745B}.Debug|Any CPU.Build.0 = Debug|Any CPU
		{F1BE7225-6C13-4456-A477-22AD2E9A745B}.Release|Any CPU.ActiveCfg = Release|Any CPU
		{F1BE7225-6C13-4456-A477-22AD2E9A745B}.Release|Any CPU.Build.0 = Release|Any CPU
	EndGlobalSection
	GlobalSection(SolutionProperties) = preSolution
		HideSolutionNode = FALSE
	EndGlobalSection
	GlobalSection(ExtensibilityGlobals) = postSolution
		SolutionGuid = {2BA0237F-699E-4BF9-B20C-D7F5245B9CAC}
	EndGlobalSection
EndGlobal
